
Microsoft Visual Studio Solution File, Format Version 11.00
# Visual Studio 2010
Project("{FAE04EC0-301F-11D3-BF4B-00C04F79EFBC}") = "UnityEngine.TestRunner", "UnityEngine.TestRunner.csproj", "{ac0bf1f3-ce9e-b27b-fa54-bd1ad418e80b}"
EndProject
Project("{FAE04EC0-301F-11D3-BF4B-00C04F79EFBC}") = "UnityEngine.UI", "UnityEngine.UI.csproj", "{30840090-69a2-79c6-e61a-193eda7e0fea}"
EndProject
Project("{FAE04EC0-301F-11D3-BF4B-00C04F79EFBC}") = "Unity.VisualScripting.Flow", "Unity.VisualScripting.Flow.csproj", "{6fc84cfa-4287-d45f-5c52-9adc7184fb78}"
EndProject
Project("{FAE04EC0-301F-11D3-BF4B-00C04F79EFBC}") = "Unity.VisualScripting.State", "Unity.VisualScripting.State.csproj", "{257e0363-1edd-a2d4-ce64-c651921d9b95}"
EndProject
Project("{FAE04EC0-301F-11D3-BF4B-00C04F79EFBC}") = "Unity.VisualScripting.Core", "Unity.VisualScripting.Core.csproj", "{4d45aaf7-e3a9-9bd4-507a-c2a322ea8241}"
EndProject
Project("{FAE04EC0-301F-11D3-BF4B-00C04F79EFBC}") = "Unity.TextMeshPro", "Unity.TextMeshPro.csproj", "{780da36f-57e6-a450-5f7e-cecca63a0d93}"
EndProject
Project("{FAE04EC0-301F-11D3-BF4B-00C04F79EFBC}") = "Unity.Timeline", "Unity.Timeline.csproj", "{ae56b389-93b4-5efe-58bb-02d57b139893}"
EndProject
Project("{FAE04EC0-301F-11D3-BF4B-00C04F79EFBC}") = "Unity.TerrainTools", "Unity.TerrainTools.csproj", "{d2b5eebc-f1c6-d863-32be-447bb56676be}"
EndProject
Project("{FAE04EC0-301F-11D3-BF4B-00C04F79EFBC}") = "JBooth.MicroSplat.Core", "JBooth.MicroSplat.Core.csproj", "{a113d248-d166-75dc-3375-ee5c8a45de72}"
EndProject
Project("{FAE04EC0-301F-11D3-BF4B-00C04F79EFBC}") = "sc.terrain.painter.runtime", "sc.terrain.painter.runtime.csproj", "{5a67eca6-dfb9-2cb3-ab45-36675811d233}"
EndProject
Project("{FAE04EC0-301F-11D3-BF4B-00C04F79EFBC}") = "Unity.PlasticSCM.Editor", "Unity.PlasticSCM.Editor.csproj", "{a4734861-f362-be9a-bbfe-e93cc0e7c092}"
EndProject
Project("{FAE04EC0-301F-11D3-BF4B-00C04F79EFBC}") = "Unity.VisualScripting.Core.Editor", "Unity.VisualScripting.Core.Editor.csproj", "{fe19645f-a1d4-0930-c3ba-aa29a9b20173}"
EndProject
Project("{FAE04EC0-301F-11D3-BF4B-00C04F79EFBC}") = "Unity.VisualScripting.Flow.Editor", "Unity.VisualScripting.Flow.Editor.csproj", "{dcc449ea-38ce-8362-cd16-a5d42a2f2d9c}"
EndProject
Project("{FAE04EC0-301F-11D3-BF4B-00C04F79EFBC}") = "Unity.TerrainTools.Editor", "Unity.TerrainTools.Editor.csproj", "{6064d71b-e83e-48b7-d385-34199037745d}"
EndProject
Project("{FAE04EC0-301F-11D3-BF4B-00C04F79EFBC}") = "Unity.VisualStudio.Editor", "Unity.VisualStudio.Editor.csproj", "{01e5ba7d-fd4b-d5fc-bedd-9df9882f5ff7}"
EndProject
Project("{FAE04EC0-301F-11D3-BF4B-00C04F79EFBC}") = "Unity.Timeline.Editor", "Unity.Timeline.Editor.csproj", "{27fe475b-ed13-010b-8593-c75d7ce773d2}"
EndProject
Project("{FAE04EC0-301F-11D3-BF4B-00C04F79EFBC}") = "Unity.VisualScripting.State.Editor", "Unity.VisualScripting.State.Editor.csproj", "{eebd00fe-274f-0086-a0d5-b3a1b455c6f7}"
EndProject
Project("{FAE04EC0-301F-11D3-BF4B-00C04F79EFBC}") = "Unity.TextMeshPro.Editor", "Unity.TextMeshPro.Editor.csproj", "{ed11f589-26f3-4e7b-76e1-4381250a47e3}"
EndProject
Project("{FAE04EC0-301F-11D3-BF4B-00C04F79EFBC}") = "Unity.VisualScripting.SettingsProvider.Editor", "Unity.VisualScripting.SettingsProvider.Editor.csproj", "{b3ecbe5b-0048-f1d4-c419-f44e91cf8614}"
EndProject
Project("{FAE04EC0-301F-11D3-BF4B-00C04F79EFBC}") = "UnityEditor.TestRunner", "UnityEditor.TestRunner.csproj", "{e83a1c72-94c5-8b9a-4ea1-6e090154d24c}"
EndProject
Project("{FAE04EC0-301F-11D3-BF4B-00C04F79EFBC}") = "Unity.TestTools.CodeCoverage.Editor", "Unity.TestTools.CodeCoverage.Editor.csproj", "{7b288087-877c-6e91-6e9e-db511fed02fc}"
EndProject
Project("{FAE04EC0-301F-11D3-BF4B-00C04F79EFBC}") = "Unity.Rider.Editor", "Unity.Rider.Editor.csproj", "{25231ecd-491c-1be6-2cca-24db8b723dea}"
EndProject
Project("{FAE04EC0-301F-11D3-BF4B-00C04F79EFBC}") = "Unity.Performance.Profile-Analyzer.Editor", "Unity.Performance.Profile-Analyzer.Editor.csproj", "{d911b232-80e4-0d62-ad8b-67627ccd41f4}"
EndProject
Project("{FAE04EC0-301F-11D3-BF4B-00C04F79EFBC}") = "Unity.VSCode.Editor", "Unity.VSCode.Editor.csproj", "{06a4306b-d839-c95a-f3e8-b8a4a8c77f05}"
EndProject
Project("{FAE04EC0-301F-11D3-BF4B-00C04F79EFBC}") = "UnityEditor.UI", "UnityEditor.UI.csproj", "{263e70eb-3d5e-e199-9533-023124a4cfa1}"
EndProject
Project("{FAE04EC0-301F-11D3-BF4B-00C04F79EFBC}") = "Unity.TestTools.CodeCoverage.Editor.OpenCover.Model", "Unity.TestTools.CodeCoverage.Editor.OpenCover.Model.csproj", "{1220357e-45df-c9af-9972-2a14929d0f78}"
EndProject
Project("{FAE04EC0-301F-11D3-BF4B-00C04F79EFBC}") = "Unity.EditorCoroutines.Editor", "Unity.EditorCoroutines.Editor.csproj", "{84213fa4-3c19-85ec-cb76-a52c1e9fe26d}"
EndProject
Project("{FAE04EC0-301F-11D3-BF4B-00C04F79EFBC}") = "Unity.Settings.Editor", "Unity.Settings.Editor.csproj", "{07987131-b1fa-727f-6d1a-a5133bfb4a4e}"
EndProject
Project("{FAE04EC0-301F-11D3-BF4B-00C04F79EFBC}") = "Unity.CollabProxy.Editor", "Unity.CollabProxy.Editor.csproj", "{698a8626-7afb-178e-49d8-9a6a0706c523}"
EndProject
Project("{FAE04EC0-301F-11D3-BF4B-00C04F79EFBC}") = "Unity.TestTools.CodeCoverage.Editor.OpenCover.Mono.Reflection", "Unity.TestTools.CodeCoverage.Editor.OpenCover.Mono.Reflection.csproj", "{6d9dc0d8-4020-8407-3be2-39a790fc0af5}"
EndProject
Project("{FAE04EC0-301F-11D3-BF4B-00C04F79EFBC}") = "Unity.VisualScripting.Shared.Editor", "Unity.VisualScripting.Shared.Editor.csproj", "{83eb076a-8c00-97cc-4613-0cd1ee4dc5d2}"
EndProject
Project("{FAE04EC0-301F-11D3-BF4B-00C04F79EFBC}") = "JBooth.MicroSplat.Core.Editor", "JBooth.MicroSplat.Core.Editor.csproj", "{f11d0123-0e52-3bfc-8b85-3c704974fbf7}"
EndProject
Project("{FAE04EC0-301F-11D3-BF4B-00C04F79EFBC}") = "sc.terrain.painter.editor", "sc.terrain.painter.editor.csproj", "{3e7609a4-5460-7dc5-2c4b-cee2ae97b858}"
EndProject
Global
	GlobalSection(SolutionConfigurationPlatforms) = preSolution
		Debug|Any CPU = Debug|Any CPU
	EndGlobalSection
	GlobalSection(ProjectConfigurationPlatforms) = postSolution
		{ac0bf1f3-ce9e-b27b-fa54-bd1ad418e80b}.Debug|Any CPU.ActiveCfg = Debug|Any CPU
		{ac0bf1f3-ce9e-b27b-fa54-bd1ad418e80b}.Debug|Any CPU.Build.0 = Debug|Any CPU
		{30840090-69a2-79c6-e61a-193eda7e0fea}.Debug|Any CPU.ActiveCfg = Debug|Any CPU
		{30840090-69a2-79c6-e61a-193eda7e0fea}.Debug|Any CPU.Build.0 = Debug|Any CPU
		{6fc84cfa-4287-d45f-5c52-9adc7184fb78}.Debug|Any CPU.ActiveCfg = Debug|Any CPU
		{6fc84cfa-4287-d45f-5c52-9adc7184fb78}.Debug|Any CPU.Build.0 = Debug|Any CPU
		{257e0363-1edd-a2d4-ce64-c651921d9b95}.Debug|Any CPU.ActiveCfg = Debug|Any CPU
		{257e0363-1edd-a2d4-ce64-c651921d9b95}.Debug|Any CPU.Build.0 = Debug|Any CPU
		{4d45aaf7-e3a9-9bd4-507a-c2a322ea8241}.Debug|Any CPU.ActiveCfg = Debug|Any CPU
		{4d45aaf7-e3a9-9bd4-507a-c2a322ea8241}.Debug|Any CPU.Build.0 = Debug|Any CPU
		{780da36f-57e6-a450-5f7e-cecca63a0d93}.Debug|Any CPU.ActiveCfg = Debug|Any CPU
		{780da36f-57e6-a450-5f7e-cecca63a0d93}.Debug|Any CPU.Build.0 = Debug|Any CPU
		{ae56b389-93b4-5efe-58bb-02d57b139893}.Debug|Any CPU.ActiveCfg = Debug|Any CPU
		{ae56b389-93b4-5efe-58bb-02d57b139893}.Debug|Any CPU.Build.0 = Debug|Any CPU
		{d2b5eebc-f1c6-d863-32be-447bb56676be}.Debug|Any CPU.ActiveCfg = Debug|Any CPU
		{d2b5eebc-f1c6-d863-32be-447bb56676be}.Debug|Any CPU.Build.0 = Debug|Any CPU
		{a113d248-d166-75dc-3375-ee5c8a45de72}.Debug|Any CPU.ActiveCfg = Debug|Any CPU
		{a113d248-d166-75dc-3375-ee5c8a45de72}.Debug|Any CPU.Build.0 = Debug|Any CPU
		{5a67eca6-dfb9-2cb3-ab45-36675811d233}.Debug|Any CPU.ActiveCfg = Debug|Any CPU
		{5a67eca6-dfb9-2cb3-ab45-36675811d233}.Debug|Any CPU.Build.0 = Debug|Any CPU
		{a4734861-f362-be9a-bbfe-e93cc0e7c092}.Debug|Any CPU.ActiveCfg = Debug|Any CPU
		{a4734861-f362-be9a-bbfe-e93cc0e7c092}.Debug|Any CPU.Build.0 = Debug|Any CPU
		{fe19645f-a1d4-0930-c3ba-aa29a9b20173}.Debug|Any CPU.ActiveCfg = Debug|Any CPU
		{fe19645f-a1d4-0930-c3ba-aa29a9b20173}.Debug|Any CPU.Build.0 = Debug|Any CPU
		{dcc449ea-38ce-8362-cd16-a5d42a2f2d9c}.Debug|Any CPU.ActiveCfg = Debug|Any CPU
		{dcc449ea-38ce-8362-cd16-a5d42a2f2d9c}.Debug|Any CPU.Build.0 = Debug|Any CPU
		{6064d71b-e83e-48b7-d385-34199037745d}.Debug|Any CPU.ActiveCfg = Debug|Any CPU
		{6064d71b-e83e-48b7-d385-34199037745d}.Debug|Any CPU.Build.0 = Debug|Any CPU
		{01e5ba7d-fd4b-d5fc-bedd-9df9882f5ff7}.Debug|Any CPU.ActiveCfg = Debug|Any CPU
		{01e5ba7d-fd4b-d5fc-bedd-9df9882f5ff7}.Debug|Any CPU.Build.0 = Debug|Any CPU
		{27fe475b-ed13-010b-8593-c75d7ce773d2}.Debug|Any CPU.ActiveCfg = Debug|Any CPU
		{27fe475b-ed13-010b-8593-c75d7ce773d2}.Debug|Any CPU.Build.0 = Debug|Any CPU
		{eebd00fe-274f-0086-a0d5-b3a1b455c6f7}.Debug|Any CPU.ActiveCfg = Debug|Any CPU
		{eebd00fe-274f-0086-a0d5-b3a1b455c6f7}.Debug|Any CPU.Build.0 = Debug|Any CPU
		{ed11f589-26f3-4e7b-76e1-4381250a47e3}.Debug|Any CPU.ActiveCfg = Debug|Any CPU
		{ed11f589-26f3-4e7b-76e1-4381250a47e3}.Debug|Any CPU.Build.0 = Debug|Any CPU
		{b3ecbe5b-0048-f1d4-c419-f44e91cf8614}.Debug|Any CPU.ActiveCfg = Debug|Any CPU
		{b3ecbe5b-0048-f1d4-c419-f44e91cf8614}.Debug|Any CPU.Build.0 = Debug|Any CPU
		{e83a1c72-94c5-8b9a-4ea1-6e090154d24c}.Debug|Any CPU.ActiveCfg = Debug|Any CPU
		{e83a1c72-94c5-8b9a-4ea1-6e090154d24c}.Debug|Any CPU.Build.0 = Debug|Any CPU
		{7b288087-877c-6e91-6e9e-db511fed02fc}.Debug|Any CPU.ActiveCfg = Debug|Any CPU
		{7b288087-877c-6e91-6e9e-db511fed02fc}.Debug|Any CPU.Build.0 = Debug|Any CPU
		{25231ecd-491c-1be6-2cca-24db8b723dea}.Debug|Any CPU.ActiveCfg = Debug|Any CPU
		{25231ecd-491c-1be6-2cca-24db8b723dea}.Debug|Any CPU.Build.0 = Debug|Any CPU
		{d911b232-80e4-0d62-ad8b-67627ccd41f4}.Debug|Any CPU.ActiveCfg = Debug|Any CPU
		{d911b232-80e4-0d62-ad8b-67627ccd41f4}.Debug|Any CPU.Build.0 = Debug|Any CPU
		{06a4306b-d839-c95a-f3e8-b8a4a8c77f05}.Debug|Any CPU.ActiveCfg = Debug|Any CPU
		{06a4306b-d839-c95a-f3e8-b8a4a8c77f05}.Debug|Any CPU.Build.0 = Debug|Any CPU
		{263e70eb-3d5e-e199-9533-023124a4cfa1}.Debug|Any CPU.ActiveCfg = Debug|Any CPU
		{263e70eb-3d5e-e199-9533-023124a4cfa1}.Debug|Any CPU.Build.0 = Debug|Any CPU
		{1220357e-45df-c9af-9972-2a14929d0f78}.Debug|Any CPU.ActiveCfg = Debug|Any CPU
		{1220357e-45df-c9af-9972-2a14929d0f78}.Debug|Any CPU.Build.0 = Debug|Any CPU
		{84213fa4-3c19-85ec-cb76-a52c1e9fe26d}.Debug|Any CPU.ActiveCfg = Debug|Any CPU
		{84213fa4-3c19-85ec-cb76-a52c1e9fe26d}.Debug|Any CPU.Build.0 = Debug|Any CPU
		{07987131-b1fa-727f-6d1a-a5133bfb4a4e}.Debug|Any CPU.ActiveCfg = Debug|Any CPU
		{07987131-b1fa-727f-6d1a-a5133bfb4a4e}.Debug|Any CPU.Build.0 = Debug|Any CPU
		{698a8626-7afb-178e-49d8-9a6a0706c523}.Debug|Any CPU.ActiveCfg = Debug|Any CPU
		{698a8626-7afb-178e-49d8-9a6a0706c523}.Debug|Any CPU.Build.0 = Debug|Any CPU
		{6d9dc0d8-4020-8407-3be2-39a790fc0af5}.Debug|Any CPU.ActiveCfg = Debug|Any CPU
		{6d9dc0d8-4020-8407-3be2-39a790fc0af5}.Debug|Any CPU.Build.0 = Debug|Any CPU
		{83eb076a-8c00-97cc-4613-0cd1ee4dc5d2}.Debug|Any CPU.ActiveCfg = Debug|Any CPU
		{83eb076a-8c00-97cc-4613-0cd1ee4dc5d2}.Debug|Any CPU.Build.0 = Debug|Any CPU
		{f11d0123-0e52-3bfc-8b85-3c704974fbf7}.Debug|Any CPU.ActiveCfg = Debug|Any CPU
		{f11d0123-0e52-3bfc-8b85-3c704974fbf7}.Debug|Any CPU.Build.0 = Debug|Any CPU
		{3e7609a4-5460-7dc5-2c4b-cee2ae97b858}.Debug|Any CPU.ActiveCfg = Debug|Any CPU
		{3e7609a4-5460-7dc5-2c4b-cee2ae97b858}.Debug|Any CPU.Build.0 = Debug|Any CPU
	EndGlobalSection
	GlobalSection(SolutionProperties) = preSolution
		HideSolutionNode = FALSE
	EndGlobalSection
EndGlobal
