
Microsoft Visual Studio Solution File, Format Version 11.00
# Visual Studio 2010
Project("{FAE04EC0-301F-11D3-BF4B-00C04F79EFBC}") = "UnityEngine.TestRunner", "UnityEngine.TestRunner.csproj", "{7bf329d4-5fdb-d84e-fa55-3ee6b98d672f}"
EndProject
Project("{FAE04EC0-301F-11D3-BF4B-00C04F79EFBC}") = "UnityEngine.UI", "UnityEngine.UI.csproj", "{e826d73f-3957-8a1c-edb3-b4bec90c947a}"
EndProject
Project("{FAE04EC0-301F-11D3-BF4B-00C04F79EFBC}") = "Unity.VisualScripting.Flow", "Unity.VisualScripting.Flow.csproj", "{471f3841-8d3a-183c-f0d8-865f46f63738}"
EndProject
Project("{FAE04EC0-301F-11D3-BF4B-00C04F79EFBC}") = "Unity.VisualScripting.State", "Unity.VisualScripting.State.csproj", "{7ac0013d-4db5-1c90-ef50-cf01a94733fa}"
EndProject
Project("{FAE04EC0-301F-11D3-BF4B-00C04F79EFBC}") = "Unity.VisualScripting.Core", "Unity.VisualScripting.Core.csproj", "{dc030c36-537b-e997-ae72-2946d3fb51b2}"
EndProject
Project("{FAE04EC0-301F-11D3-BF4B-00C04F79EFBC}") = "Unity.TextMeshPro", "Unity.TextMeshPro.csproj", "{013f32e9-ba1a-0419-97e4-3c8949823083}"
EndProject
Project("{FAE04EC0-301F-11D3-BF4B-00C04F79EFBC}") = "Unity.Timeline", "Unity.Timeline.csproj", "{1fa774bc-c6e2-a2e0-824b-eca2c9fcc92b}"
EndProject
Project("{FAE04EC0-301F-11D3-BF4B-00C04F79EFBC}") = "Unity.TerrainTools", "Unity.TerrainTools.csproj", "{34e551ac-b17f-535f-3812-f0893a0f2e1c}"
EndProject
Project("{FAE04EC0-301F-11D3-BF4B-00C04F79EFBC}") = "Unity.PlasticSCM.Editor", "Unity.PlasticSCM.Editor.csproj", "{3cf39d0b-7bfa-a834-a907-835153899d63}"
EndProject
Project("{FAE04EC0-301F-11D3-BF4B-00C04F79EFBC}") = "Unity.VisualScripting.Core.Editor", "Unity.VisualScripting.Core.Editor.csproj", "{d57ca530-daa0-68d3-4ab3-f3a25599cead}"
EndProject
Project("{FAE04EC0-301F-11D3-BF4B-00C04F79EFBC}") = "Unity.VisualScripting.Flow.Editor", "Unity.VisualScripting.Flow.Editor.csproj", "{4ddd5fe3-2663-0247-f8a5-4e623ca24db8}"
EndProject
Project("{FAE04EC0-301F-11D3-BF4B-00C04F79EFBC}") = "Unity.VisualStudio.Editor", "Unity.VisualStudio.Editor.csproj", "{14354e25-d55f-7951-ee26-cc173921240a}"
EndProject
Project("{FAE04EC0-301F-11D3-BF4B-00C04F79EFBC}") = "Unity.Timeline.Editor", "Unity.Timeline.Editor.csproj", "{0d768559-06ee-fdb2-dd2c-ded47fcd076c}"
EndProject
Project("{FAE04EC0-301F-11D3-BF4B-00C04F79EFBC}") = "Unity.VisualScripting.State.Editor", "Unity.VisualScripting.State.Editor.csproj", "{5416dce5-60dc-4378-816b-a12369f9f583}"
EndProject
Project("{FAE04EC0-301F-11D3-BF4B-00C04F79EFBC}") = "Unity.TextMeshPro.Editor", "Unity.TextMeshPro.Editor.csproj", "{83f798cf-3e97-618b-4ab1-5a94dddfbc87}"
EndProject
Project("{FAE04EC0-301F-11D3-BF4B-00C04F79EFBC}") = "Unity.VisualScripting.SettingsProvider.Editor", "Unity.VisualScripting.SettingsProvider.Editor.csproj", "{14998735-1352-db86-8c59-b96e12db754b}"
EndProject
Project("{FAE04EC0-301F-11D3-BF4B-00C04F79EFBC}") = "UnityEditor.TestRunner", "UnityEditor.TestRunner.csproj", "{02f3351b-cd1c-f9d5-c55b-c8ec04989081}"
EndProject
Project("{FAE04EC0-301F-11D3-BF4B-00C04F79EFBC}") = "Unity.TestTools.CodeCoverage.Editor", "Unity.TestTools.CodeCoverage.Editor.csproj", "{4160d926-6d4f-6b19-283e-e6197def9ee0}"
EndProject
Project("{FAE04EC0-301F-11D3-BF4B-00C04F79EFBC}") = "Unity.Rider.Editor", "Unity.Rider.Editor.csproj", "{94ec5907-2c21-2ff7-b99e-5bfdd98ba815}"
EndProject
Project("{FAE04EC0-301F-11D3-BF4B-00C04F79EFBC}") = "Unity.Performance.Profile-Analyzer.Editor", "Unity.Performance.Profile-Analyzer.Editor.csproj", "{175af6a2-45cd-504f-d183-02258030d746}"
EndProject
Project("{FAE04EC0-301F-11D3-BF4B-00C04F79EFBC}") = "Unity.VSCode.Editor", "Unity.VSCode.Editor.csproj", "{26343fb1-cb04-9086-03cd-aefc59141308}"
EndProject
Project("{FAE04EC0-301F-11D3-BF4B-00C04F79EFBC}") = "UnityEditor.UI", "UnityEditor.UI.csproj", "{f3d8eac5-764e-7e71-f1a6-121de58d8777}"
EndProject
Project("{FAE04EC0-301F-11D3-BF4B-00C04F79EFBC}") = "Unity.TestTools.CodeCoverage.Editor.OpenCover.Model", "Unity.TestTools.CodeCoverage.Editor.OpenCover.Model.csproj", "{2a91f7a5-a918-2d8f-860a-e012fafc6fe9}"
EndProject
Project("{FAE04EC0-301F-11D3-BF4B-00C04F79EFBC}") = "Unity.EditorCoroutines.Editor", "Unity.EditorCoroutines.Editor.csproj", "{740c5cc1-caf1-da27-0d3c-c04dc87dbb48}"
EndProject
Project("{FAE04EC0-301F-11D3-BF4B-00C04F79EFBC}") = "Unity.Settings.Editor", "Unity.Settings.Editor.csproj", "{90550426-e0e7-0368-e09a-f335e2761c12}"
EndProject
Project("{FAE04EC0-301F-11D3-BF4B-00C04F79EFBC}") = "Unity.CollabProxy.Editor", "Unity.CollabProxy.Editor.csproj", "{0b290792-9528-981c-6d63-6379cc4488b0}"
EndProject
Project("{FAE04EC0-301F-11D3-BF4B-00C04F79EFBC}") = "Unity.TestTools.CodeCoverage.Editor.OpenCover.Mono.Reflection", "Unity.TestTools.CodeCoverage.Editor.OpenCover.Mono.Reflection.csproj", "{065412d2-e800-4f41-cd4f-781c69457502}"
EndProject
Project("{FAE04EC0-301F-11D3-BF4B-00C04F79EFBC}") = "Unity.VisualScripting.Shared.Editor", "Unity.VisualScripting.Shared.Editor.csproj", "{6ea82c93-f071-253e-0c8f-7dfe29a0c1d4}"
EndProject
Project("{FAE04EC0-301F-11D3-BF4B-00C04F79EFBC}") = "Unity.TerrainTools.Editor", "Unity.TerrainTools.Editor.csproj", "{50406754-9347-a438-68fb-227c9918495d}"
EndProject
Global
	GlobalSection(SolutionConfigurationPlatforms) = preSolution
		Debug|Any CPU = Debug|Any CPU
	EndGlobalSection
	GlobalSection(ProjectConfigurationPlatforms) = postSolution
		{7bf329d4-5fdb-d84e-fa55-3ee6b98d672f}.Debug|Any CPU.ActiveCfg = Debug|Any CPU
		{7bf329d4-5fdb-d84e-fa55-3ee6b98d672f}.Debug|Any CPU.Build.0 = Debug|Any CPU
		{e826d73f-3957-8a1c-edb3-b4bec90c947a}.Debug|Any CPU.ActiveCfg = Debug|Any CPU
		{e826d73f-3957-8a1c-edb3-b4bec90c947a}.Debug|Any CPU.Build.0 = Debug|Any CPU
		{471f3841-8d3a-183c-f0d8-865f46f63738}.Debug|Any CPU.ActiveCfg = Debug|Any CPU
		{471f3841-8d3a-183c-f0d8-865f46f63738}.Debug|Any CPU.Build.0 = Debug|Any CPU
		{7ac0013d-4db5-1c90-ef50-cf01a94733fa}.Debug|Any CPU.ActiveCfg = Debug|Any CPU
		{7ac0013d-4db5-1c90-ef50-cf01a94733fa}.Debug|Any CPU.Build.0 = Debug|Any CPU
		{dc030c36-537b-e997-ae72-2946d3fb51b2}.Debug|Any CPU.ActiveCfg = Debug|Any CPU
		{dc030c36-537b-e997-ae72-2946d3fb51b2}.Debug|Any CPU.Build.0 = Debug|Any CPU
		{013f32e9-ba1a-0419-97e4-3c8949823083}.Debug|Any CPU.ActiveCfg = Debug|Any CPU
		{013f32e9-ba1a-0419-97e4-3c8949823083}.Debug|Any CPU.Build.0 = Debug|Any CPU
		{1fa774bc-c6e2-a2e0-824b-eca2c9fcc92b}.Debug|Any CPU.ActiveCfg = Debug|Any CPU
		{1fa774bc-c6e2-a2e0-824b-eca2c9fcc92b}.Debug|Any CPU.Build.0 = Debug|Any CPU
		{34e551ac-b17f-535f-3812-f0893a0f2e1c}.Debug|Any CPU.ActiveCfg = Debug|Any CPU
		{34e551ac-b17f-535f-3812-f0893a0f2e1c}.Debug|Any CPU.Build.0 = Debug|Any CPU
		{3cf39d0b-7bfa-a834-a907-835153899d63}.Debug|Any CPU.ActiveCfg = Debug|Any CPU
		{3cf39d0b-7bfa-a834-a907-835153899d63}.Debug|Any CPU.Build.0 = Debug|Any CPU
		{d57ca530-daa0-68d3-4ab3-f3a25599cead}.Debug|Any CPU.ActiveCfg = Debug|Any CPU
		{d57ca530-daa0-68d3-4ab3-f3a25599cead}.Debug|Any CPU.Build.0 = Debug|Any CPU
		{4ddd5fe3-2663-0247-f8a5-4e623ca24db8}.Debug|Any CPU.ActiveCfg = Debug|Any CPU
		{4ddd5fe3-2663-0247-f8a5-4e623ca24db8}.Debug|Any CPU.Build.0 = Debug|Any CPU
		{14354e25-d55f-7951-ee26-cc173921240a}.Debug|Any CPU.ActiveCfg = Debug|Any CPU
		{14354e25-d55f-7951-ee26-cc173921240a}.Debug|Any CPU.Build.0 = Debug|Any CPU
		{0d768559-06ee-fdb2-dd2c-ded47fcd076c}.Debug|Any CPU.ActiveCfg = Debug|Any CPU
		{0d768559-06ee-fdb2-dd2c-ded47fcd076c}.Debug|Any CPU.Build.0 = Debug|Any CPU
		{5416dce5-60dc-4378-816b-a12369f9f583}.Debug|Any CPU.ActiveCfg = Debug|Any CPU
		{5416dce5-60dc-4378-816b-a12369f9f583}.Debug|Any CPU.Build.0 = Debug|Any CPU
		{83f798cf-3e97-618b-4ab1-5a94dddfbc87}.Debug|Any CPU.ActiveCfg = Debug|Any CPU
		{83f798cf-3e97-618b-4ab1-5a94dddfbc87}.Debug|Any CPU.Build.0 = Debug|Any CPU
		{14998735-1352-db86-8c59-b96e12db754b}.Debug|Any CPU.ActiveCfg = Debug|Any CPU
		{14998735-1352-db86-8c59-b96e12db754b}.Debug|Any CPU.Build.0 = Debug|Any CPU
		{02f3351b-cd1c-f9d5-c55b-c8ec04989081}.Debug|Any CPU.ActiveCfg = Debug|Any CPU
		{02f3351b-cd1c-f9d5-c55b-c8ec04989081}.Debug|Any CPU.Build.0 = Debug|Any CPU
		{4160d926-6d4f-6b19-283e-e6197def9ee0}.Debug|Any CPU.ActiveCfg = Debug|Any CPU
		{4160d926-6d4f-6b19-283e-e6197def9ee0}.Debug|Any CPU.Build.0 = Debug|Any CPU
		{94ec5907-2c21-2ff7-b99e-5bfdd98ba815}.Debug|Any CPU.ActiveCfg = Debug|Any CPU
		{94ec5907-2c21-2ff7-b99e-5bfdd98ba815}.Debug|Any CPU.Build.0 = Debug|Any CPU
		{175af6a2-45cd-504f-d183-02258030d746}.Debug|Any CPU.ActiveCfg = Debug|Any CPU
		{175af6a2-45cd-504f-d183-02258030d746}.Debug|Any CPU.Build.0 = Debug|Any CPU
		{26343fb1-cb04-9086-03cd-aefc59141308}.Debug|Any CPU.ActiveCfg = Debug|Any CPU
		{26343fb1-cb04-9086-03cd-aefc59141308}.Debug|Any CPU.Build.0 = Debug|Any CPU
		{f3d8eac5-764e-7e71-f1a6-121de58d8777}.Debug|Any CPU.ActiveCfg = Debug|Any CPU
		{f3d8eac5-764e-7e71-f1a6-121de58d8777}.Debug|Any CPU.Build.0 = Debug|Any CPU
		{2a91f7a5-a918-2d8f-860a-e012fafc6fe9}.Debug|Any CPU.ActiveCfg = Debug|Any CPU
		{2a91f7a5-a918-2d8f-860a-e012fafc6fe9}.Debug|Any CPU.Build.0 = Debug|Any CPU
		{740c5cc1-caf1-da27-0d3c-c04dc87dbb48}.Debug|Any CPU.ActiveCfg = Debug|Any CPU
		{740c5cc1-caf1-da27-0d3c-c04dc87dbb48}.Debug|Any CPU.Build.0 = Debug|Any CPU
		{90550426-e0e7-0368-e09a-f335e2761c12}.Debug|Any CPU.ActiveCfg = Debug|Any CPU
		{90550426-e0e7-0368-e09a-f335e2761c12}.Debug|Any CPU.Build.0 = Debug|Any CPU
		{0b290792-9528-981c-6d63-6379cc4488b0}.Debug|Any CPU.ActiveCfg = Debug|Any CPU
		{0b290792-9528-981c-6d63-6379cc4488b0}.Debug|Any CPU.Build.0 = Debug|Any CPU
		{065412d2-e800-4f41-cd4f-781c69457502}.Debug|Any CPU.ActiveCfg = Debug|Any CPU
		{065412d2-e800-4f41-cd4f-781c69457502}.Debug|Any CPU.Build.0 = Debug|Any CPU
		{6ea82c93-f071-253e-0c8f-7dfe29a0c1d4}.Debug|Any CPU.ActiveCfg = Debug|Any CPU
		{6ea82c93-f071-253e-0c8f-7dfe29a0c1d4}.Debug|Any CPU.Build.0 = Debug|Any CPU
		{50406754-9347-a438-68fb-227c9918495d}.Debug|Any CPU.ActiveCfg = Debug|Any CPU
		{50406754-9347-a438-68fb-227c9918495d}.Debug|Any CPU.Build.0 = Debug|Any CPU
	EndGlobalSection
	GlobalSection(SolutionProperties) = preSolution
		HideSolutionNode = FALSE
	EndGlobalSection
EndGlobal
